
Microsoft Visual Studio Solution File, Format Version 12.00
# Visual Studio Version 16
VisualStudioVersion = 16.0.30523.141
MinimumVisualStudioVersion = 10.0.40219.1
Project("{8BC9CEB8-8B4A-11D0-8D11-00A0C91BC942}") = "lab1.8", "lab1.8.vcxproj", "{9111A602-DC66-4630-AE6A-6CCEE81A01CE}"
EndProject
Project("{8BC9CEB8-8B4A-11D0-8D11-00A0C91BC942}") = "UnitTest1", "..\UnitTest1\UnitTest1.vcxproj", "{203BDA97-A3D5-4165-8A99-9FFD16051FD0}"
EndProject
Global
	GlobalSection(SolutionConfigurationPlatforms) = preSolution
		Debug|x64 = Debug|x64
		Debug|x86 = Debug|x86
		Release|x64 = Release|x64
		Release|x86 = Release|x86
	EndGlobalSection
	GlobalSection(ProjectConfigurationPlatforms) = postSolution
		{9111A602-DC66-4630-AE6A-6CCEE81A01CE}.Debug|x64.ActiveCfg = Debug|x64
		{9111A602-DC66-4630-AE6A-6CCEE81A01CE}.Debug|x64.Build.0 = Debug|x64
		{9111A602-DC66-4630-AE6A-6CCEE81A01CE}.Debug|x86.ActiveCfg = Debug|Win32
		{9111A602-DC66-4630-AE6A-6CCEE81A01CE}.Debug|x86.Build.0 = Debug|Win32
		{9111A602-DC66-4630-AE6A-6CCEE81A01CE}.Release|x64.ActiveCfg = Release|x64
		{9111A602-DC66-4630-AE6A-6CCEE81A01CE}.Release|x64.Build.0 = Release|x64
		{9111A602-DC66-4630-AE6A-6CCEE81A01CE}.Release|x86.ActiveCfg = Release|Win32
		{9111A602-DC66-4630-AE6A-6CCEE81A01CE}.Release|x86.Build.0 = Release|Win32
		{203BDA97-A3D5-4165-8A99-9FFD16051FD0}.Debug|x64.ActiveCfg = Debug|x64
		{203BDA97-A3D5-4165-8A99-9FFD16051FD0}.Debug|x64.Build.0 = Debug|x64
		{203BDA97-A3D5-4165-8A99-9FFD16051FD0}.Debug|x86.ActiveCfg = Debug|Win32
		{203BDA97-A3D5-4165-8A99-9FFD16051FD0}.Debug|x86.Build.0 = Debug|Win32
		{203BDA97-A3D5-4165-8A99-9FFD16051FD0}.Release|x64.ActiveCfg = Release|x64
		{203BDA97-A3D5-4165-8A99-9FFD16051FD0}.Release|x64.Build.0 = Release|x64
		{203BDA97-A3D5-4165-8A99-9FFD16051FD0}.Release|x86.ActiveCfg = Release|Win32
		{203BDA97-A3D5-4165-8A99-9FFD16051FD0}.Release|x86.Build.0 = Release|Win32
	EndGlobalSection
	GlobalSection(SolutionProperties) = preSolution
		HideSolutionNode = FALSE
	EndGlobalSection
	GlobalSection(ExtensibilityGlobals) = postSolution
		SolutionGuid = {E3634D90-6409-4C66-9DBF-132CAF4686B6}
	EndGlobalSection
EndGlobal
